
Microsoft Visual Studio Solution File, Format Version 12.00
Project("{FAE04EC0-301F-11D3-BF4B-00C04F79EFBC}") = "RWParser", "RWParser\RWParser.csproj", "{40248D1E-6AF9-4E39-A849-543D6F6DE5D7}"
EndProject
Project("{FAE04EC0-301F-11D3-BF4B-00C04F79EFBC}") = "RWLibrary", "RWLibrary\RWLibrary.csproj", "{F019DE92-6B09-4D15-893B-879D7C04FB9F}"
EndProject
Global
	GlobalSection(SolutionConfigurationPlatforms) = preSolution
		Debug|Any CPU = Debug|Any CPU
		Release|Any CPU = Release|Any CPU
	EndGlobalSection
	GlobalSection(ProjectConfigurationPlatforms) = postSolution
		{40248D1E-6AF9-4E39-A849-543D6F6DE5D7}.Debug|Any CPU.ActiveCfg = Debug|Any CPU
		{40248D1E-6AF9-4E39-A849-543D6F6DE5D7}.Debug|Any CPU.Build.0 = Debug|Any CPU
		{40248D1E-6AF9-4E39-A849-543D6F6DE5D7}.Release|Any CPU.ActiveCfg = Release|Any CPU
		{40248D1E-6AF9-4E39-A849-543D6F6DE5D7}.Release|Any CPU.Build.0 = Release|Any CPU
		{F019DE92-6B09-4D15-893B-879D7C04FB9F}.Debug|Any CPU.ActiveCfg = Debug|Any CPU
		{F019DE92-6B09-4D15-893B-879D7C04FB9F}.Debug|Any CPU.Build.0 = Debug|Any CPU
		{F019DE92-6B09-4D15-893B-879D7C04FB9F}.Release|Any CPU.ActiveCfg = Release|Any CPU
		{F019DE92-6B09-4D15-893B-879D7C04FB9F}.Release|Any CPU.Build.0 = Release|Any CPU
	EndGlobalSection
EndGlobal
